
Microsoft Visual Studio Solution File, Format Version 12.00
# Visual Studio Version 16
VisualStudioVersion = 16.0.31019.35
MinimumVisualStudioVersion = 10.0.40219.1
Project("{FAE04EC0-301F-11D3-BF4B-00C04F79EFBC}") = "LP2", "LP2\LP2.csproj", "{ECB554E6-CC0E-4689-A0B8-93192CFE1B94}"
EndProject
Global
	GlobalSection(SolutionConfigurationPlatforms) = preSolution
		Debug|Any CPU = Debug|Any CPU
		Release|Any CPU = Release|Any CPU
	EndGlobalSection
	GlobalSection(ProjectConfigurationPlatforms) = postSolution
		{ECB554E6-CC0E-4689-A0B8-93192CFE1B94}.Debug|Any CPU.ActiveCfg = Debug|Any CPU
		{ECB554E6-CC0E-4689-A0B8-93192CFE1B94}.Debug|Any CPU.Build.0 = Debug|Any CPU
		{ECB554E6-CC0E-4689-A0B8-93192CFE1B94}.Release|Any CPU.ActiveCfg = Release|Any CPU
		{ECB554E6-CC0E-4689-A0B8-93192CFE1B94}.Release|Any CPU.Build.0 = Release|Any CPU
	EndGlobalSection
	GlobalSection(SolutionProperties) = preSolution
		HideSolutionNode = FALSE
	EndGlobalSection
	GlobalSection(ExtensibilityGlobals) = postSolution
		SolutionGuid = {73FA655D-2344-4000-9395-D097A1941D4B}
	EndGlobalSection
EndGlobal
