
Microsoft Visual Studio Solution File, Format Version 12.00
# Visual Studio Version 16
VisualStudioVersion = 16.0.31019.35
MinimumVisualStudioVersion = 10.0.40219.1
Project("{FAE04EC0-301F-11D3-BF4B-00C04F79EFBC}") = "LP2", "LP2\LP2.csproj", "{ECB554E6-CC0E-4689-A0B8-93192CFE1B94}"
EndProject
Project("{9A19103F-16F7-4668-BE54-9A1E7A4F7556}") = "CorporacaoBO", "CorporacoesBO\CorporacaoBO.csproj", "{7D6CD9DB-74EE-48F5-9CDA-172DDA3E4DDE}"
EndProject
Project("{9A19103F-16F7-4668-BE54-9A1E7A4F7556}") = "CorporacaoBR", "CorporacaoBR\CorporacaoBR.csproj", "{2F29DC35-C669-44CA-95B9-BC5D0CEFC983}"
EndProject
Project("{9A19103F-16F7-4668-BE54-9A1E7A4F7556}") = "CorporacaoData", "CorporacaoData\CorporacaoData.csproj", "{F8EC875B-2DFA-484C-B571-44C1463983D0}"
EndProject
Project("{9A19103F-16F7-4668-BE54-9A1E7A4F7556}") = "CorporacaoOutput", "CorporacaoOutput\CorporacaoOutput.csproj", "{50244280-E9D1-4D43-992F-C4F5A7E7D847}"
EndProject
Project("{2150E333-8FDC-42A3-9474-1A3956D46DE8}") = "Corporacao", "Corporacao", "{397B04E8-7C40-432E-8F91-A5E64B314787}"
EndProject
Project("{2150E333-8FDC-42A3-9474-1A3956D46DE8}") = "Incendio", "Incendio", "{9562394A-C872-4E8F-85AA-775512684F83}"
EndProject
Project("{9A19103F-16F7-4668-BE54-9A1E7A4F7556}") = "IncendioBO", "IncendioBO\IncendioBO.csproj", "{BF7FBE3F-5D15-4FBE-9FF0-3E62806A78DD}"
EndProject
Project("{9A19103F-16F7-4668-BE54-9A1E7A4F7556}") = "IncendioData", "IncendioData\IncendioData.csproj", "{8D702073-A069-4E7F-B60F-BA5F2D3F2C69}"
EndProject
Project("{9A19103F-16F7-4668-BE54-9A1E7A4F7556}") = "IncendioOutput", "IncendioOutput\IncendioOutput.csproj", "{CA70A08F-BF49-4A89-8972-B381354A7255}"
EndProject
Project("{2150E333-8FDC-42A3-9474-1A3956D46DE8}") = "Generals", "Generals", "{F6AA97FA-EB03-4478-BC65-9573B51A009E}"
EndProject
Project("{9A19103F-16F7-4668-BE54-9A1E7A4F7556}") = "GeneralOutputs", "GeneralOutputs\GeneralOutputs.csproj", "{3017F89D-8FC0-48E4-86B5-90585B09FF69}"
EndProject
Project("{9A19103F-16F7-4668-BE54-9A1E7A4F7556}") = "IncendioBR", "IncendioBR\IncendioBR.csproj", "{7DE806BF-64B7-4F2C-BB14-8E29E3AE27F4}"
EndProject
Project("{2150E333-8FDC-42A3-9474-1A3956D46DE8}") = "Viatura", "Viatura", "{3CF26BDA-BD07-4960-8215-AC30F729A88D}"
EndProject
Project("{9A19103F-16F7-4668-BE54-9A1E7A4F7556}") = "ViaturaBO", "ViaturaBO\ViaturaBO.csproj", "{51916879-2A88-4504-8C8A-71DFD64A8861}"
EndProject
Project("{9A19103F-16F7-4668-BE54-9A1E7A4F7556}") = "ViaturaBR", "ViaturaBR\ViaturaBR.csproj", "{F38718DB-60A7-4633-8F89-84D03283A40D}"
EndProject
Project("{9A19103F-16F7-4668-BE54-9A1E7A4F7556}") = "ViaturaData", "ViaturaData\ViaturaData.csproj", "{528EE7DF-4658-4942-B199-30DF3D021DBC}"
EndProject
Project("{9A19103F-16F7-4668-BE54-9A1E7A4F7556}") = "ViaturaOutput", "ViaturaOutput\ViaturaOutput.csproj", "{1F056030-C195-4343-BFE0-A5D15CD3DEBD}"
EndProject
Project("{2150E333-8FDC-42A3-9474-1A3956D46DE8}") = "Operacional", "Operacional", "{7E74AF8D-ECF6-477F-B0C4-137720D044DA}"
EndProject
Project("{FAE04EC0-301F-11D3-BF4B-00C04F79EFBC}") = "OperacionalBO", "OperacionalBO\OperacionalBO.csproj", "{D0B7EF56-4CAE-4CC9-97E8-5991C9703C92}"
EndProject
Global
	GlobalSection(SolutionConfigurationPlatforms) = preSolution
		Debug|Any CPU = Debug|Any CPU
		Release|Any CPU = Release|Any CPU
	EndGlobalSection
	GlobalSection(ProjectConfigurationPlatforms) = postSolution
		{ECB554E6-CC0E-4689-A0B8-93192CFE1B94}.Debug|Any CPU.ActiveCfg = Debug|Any CPU
		{ECB554E6-CC0E-4689-A0B8-93192CFE1B94}.Debug|Any CPU.Build.0 = Debug|Any CPU
		{ECB554E6-CC0E-4689-A0B8-93192CFE1B94}.Release|Any CPU.ActiveCfg = Release|Any CPU
		{ECB554E6-CC0E-4689-A0B8-93192CFE1B94}.Release|Any CPU.Build.0 = Release|Any CPU
		{7D6CD9DB-74EE-48F5-9CDA-172DDA3E4DDE}.Debug|Any CPU.ActiveCfg = Debug|Any CPU
		{7D6CD9DB-74EE-48F5-9CDA-172DDA3E4DDE}.Debug|Any CPU.Build.0 = Debug|Any CPU
		{7D6CD9DB-74EE-48F5-9CDA-172DDA3E4DDE}.Release|Any CPU.ActiveCfg = Release|Any CPU
		{7D6CD9DB-74EE-48F5-9CDA-172DDA3E4DDE}.Release|Any CPU.Build.0 = Release|Any CPU
		{2F29DC35-C669-44CA-95B9-BC5D0CEFC983}.Debug|Any CPU.ActiveCfg = Debug|Any CPU
		{2F29DC35-C669-44CA-95B9-BC5D0CEFC983}.Debug|Any CPU.Build.0 = Debug|Any CPU
		{2F29DC35-C669-44CA-95B9-BC5D0CEFC983}.Release|Any CPU.ActiveCfg = Release|Any CPU
		{2F29DC35-C669-44CA-95B9-BC5D0CEFC983}.Release|Any CPU.Build.0 = Release|Any CPU
		{F8EC875B-2DFA-484C-B571-44C1463983D0}.Debug|Any CPU.ActiveCfg = Debug|Any CPU
		{F8EC875B-2DFA-484C-B571-44C1463983D0}.Debug|Any CPU.Build.0 = Debug|Any CPU
		{F8EC875B-2DFA-484C-B571-44C1463983D0}.Release|Any CPU.ActiveCfg = Release|Any CPU
		{F8EC875B-2DFA-484C-B571-44C1463983D0}.Release|Any CPU.Build.0 = Release|Any CPU
		{50244280-E9D1-4D43-992F-C4F5A7E7D847}.Debug|Any CPU.ActiveCfg = Debug|Any CPU
		{50244280-E9D1-4D43-992F-C4F5A7E7D847}.Debug|Any CPU.Build.0 = Debug|Any CPU
		{50244280-E9D1-4D43-992F-C4F5A7E7D847}.Release|Any CPU.ActiveCfg = Release|Any CPU
		{50244280-E9D1-4D43-992F-C4F5A7E7D847}.Release|Any CPU.Build.0 = Release|Any CPU
		{BF7FBE3F-5D15-4FBE-9FF0-3E62806A78DD}.Debug|Any CPU.ActiveCfg = Debug|Any CPU
		{BF7FBE3F-5D15-4FBE-9FF0-3E62806A78DD}.Debug|Any CPU.Build.0 = Debug|Any CPU
		{BF7FBE3F-5D15-4FBE-9FF0-3E62806A78DD}.Release|Any CPU.ActiveCfg = Release|Any CPU
		{BF7FBE3F-5D15-4FBE-9FF0-3E62806A78DD}.Release|Any CPU.Build.0 = Release|Any CPU
		{8D702073-A069-4E7F-B60F-BA5F2D3F2C69}.Debug|Any CPU.ActiveCfg = Debug|Any CPU
		{8D702073-A069-4E7F-B60F-BA5F2D3F2C69}.Debug|Any CPU.Build.0 = Debug|Any CPU
		{8D702073-A069-4E7F-B60F-BA5F2D3F2C69}.Release|Any CPU.ActiveCfg = Release|Any CPU
		{8D702073-A069-4E7F-B60F-BA5F2D3F2C69}.Release|Any CPU.Build.0 = Release|Any CPU
		{CA70A08F-BF49-4A89-8972-B381354A7255}.Debug|Any CPU.ActiveCfg = Debug|Any CPU
		{CA70A08F-BF49-4A89-8972-B381354A7255}.Debug|Any CPU.Build.0 = Debug|Any CPU
		{CA70A08F-BF49-4A89-8972-B381354A7255}.Release|Any CPU.ActiveCfg = Release|Any CPU
		{CA70A08F-BF49-4A89-8972-B381354A7255}.Release|Any CPU.Build.0 = Release|Any CPU
		{3017F89D-8FC0-48E4-86B5-90585B09FF69}.Debug|Any CPU.ActiveCfg = Debug|Any CPU
		{3017F89D-8FC0-48E4-86B5-90585B09FF69}.Debug|Any CPU.Build.0 = Debug|Any CPU
		{3017F89D-8FC0-48E4-86B5-90585B09FF69}.Release|Any CPU.ActiveCfg = Release|Any CPU
		{3017F89D-8FC0-48E4-86B5-90585B09FF69}.Release|Any CPU.Build.0 = Release|Any CPU
		{7DE806BF-64B7-4F2C-BB14-8E29E3AE27F4}.Debug|Any CPU.ActiveCfg = Debug|Any CPU
		{7DE806BF-64B7-4F2C-BB14-8E29E3AE27F4}.Debug|Any CPU.Build.0 = Debug|Any CPU
		{7DE806BF-64B7-4F2C-BB14-8E29E3AE27F4}.Release|Any CPU.ActiveCfg = Release|Any CPU
		{7DE806BF-64B7-4F2C-BB14-8E29E3AE27F4}.Release|Any CPU.Build.0 = Release|Any CPU
		{51916879-2A88-4504-8C8A-71DFD64A8861}.Debug|Any CPU.ActiveCfg = Debug|Any CPU
		{51916879-2A88-4504-8C8A-71DFD64A8861}.Debug|Any CPU.Build.0 = Debug|Any CPU
		{51916879-2A88-4504-8C8A-71DFD64A8861}.Release|Any CPU.ActiveCfg = Release|Any CPU
		{51916879-2A88-4504-8C8A-71DFD64A8861}.Release|Any CPU.Build.0 = Release|Any CPU
		{F38718DB-60A7-4633-8F89-84D03283A40D}.Debug|Any CPU.ActiveCfg = Debug|Any CPU
		{F38718DB-60A7-4633-8F89-84D03283A40D}.Debug|Any CPU.Build.0 = Debug|Any CPU
		{F38718DB-60A7-4633-8F89-84D03283A40D}.Release|Any CPU.ActiveCfg = Release|Any CPU
		{F38718DB-60A7-4633-8F89-84D03283A40D}.Release|Any CPU.Build.0 = Release|Any CPU
		{528EE7DF-4658-4942-B199-30DF3D021DBC}.Debug|Any CPU.ActiveCfg = Debug|Any CPU
		{528EE7DF-4658-4942-B199-30DF3D021DBC}.Debug|Any CPU.Build.0 = Debug|Any CPU
		{528EE7DF-4658-4942-B199-30DF3D021DBC}.Release|Any CPU.ActiveCfg = Release|Any CPU
		{528EE7DF-4658-4942-B199-30DF3D021DBC}.Release|Any CPU.Build.0 = Release|Any CPU
		{1F056030-C195-4343-BFE0-A5D15CD3DEBD}.Debug|Any CPU.ActiveCfg = Debug|Any CPU
		{1F056030-C195-4343-BFE0-A5D15CD3DEBD}.Debug|Any CPU.Build.0 = Debug|Any CPU
		{1F056030-C195-4343-BFE0-A5D15CD3DEBD}.Release|Any CPU.ActiveCfg = Release|Any CPU
		{1F056030-C195-4343-BFE0-A5D15CD3DEBD}.Release|Any CPU.Build.0 = Release|Any CPU
		{D0B7EF56-4CAE-4CC9-97E8-5991C9703C92}.Debug|Any CPU.ActiveCfg = Debug|Any CPU
		{D0B7EF56-4CAE-4CC9-97E8-5991C9703C92}.Debug|Any CPU.Build.0 = Debug|Any CPU
		{D0B7EF56-4CAE-4CC9-97E8-5991C9703C92}.Release|Any CPU.ActiveCfg = Release|Any CPU
		{D0B7EF56-4CAE-4CC9-97E8-5991C9703C92}.Release|Any CPU.Build.0 = Release|Any CPU
	EndGlobalSection
	GlobalSection(SolutionProperties) = preSolution
		HideSolutionNode = FALSE
	EndGlobalSection
	GlobalSection(NestedProjects) = preSolution
		{7D6CD9DB-74EE-48F5-9CDA-172DDA3E4DDE} = {397B04E8-7C40-432E-8F91-A5E64B314787}
		{2F29DC35-C669-44CA-95B9-BC5D0CEFC983} = {397B04E8-7C40-432E-8F91-A5E64B314787}
		{F8EC875B-2DFA-484C-B571-44C1463983D0} = {397B04E8-7C40-432E-8F91-A5E64B314787}
		{50244280-E9D1-4D43-992F-C4F5A7E7D847} = {397B04E8-7C40-432E-8F91-A5E64B314787}
		{BF7FBE3F-5D15-4FBE-9FF0-3E62806A78DD} = {9562394A-C872-4E8F-85AA-775512684F83}
		{8D702073-A069-4E7F-B60F-BA5F2D3F2C69} = {9562394A-C872-4E8F-85AA-775512684F83}
		{CA70A08F-BF49-4A89-8972-B381354A7255} = {9562394A-C872-4E8F-85AA-775512684F83}
		{3017F89D-8FC0-48E4-86B5-90585B09FF69} = {F6AA97FA-EB03-4478-BC65-9573B51A009E}
		{7DE806BF-64B7-4F2C-BB14-8E29E3AE27F4} = {9562394A-C872-4E8F-85AA-775512684F83}
		{51916879-2A88-4504-8C8A-71DFD64A8861} = {3CF26BDA-BD07-4960-8215-AC30F729A88D}
		{F38718DB-60A7-4633-8F89-84D03283A40D} = {3CF26BDA-BD07-4960-8215-AC30F729A88D}
		{528EE7DF-4658-4942-B199-30DF3D021DBC} = {3CF26BDA-BD07-4960-8215-AC30F729A88D}
		{1F056030-C195-4343-BFE0-A5D15CD3DEBD} = {3CF26BDA-BD07-4960-8215-AC30F729A88D}
		{D0B7EF56-4CAE-4CC9-97E8-5991C9703C92} = {7E74AF8D-ECF6-477F-B0C4-137720D044DA}
	EndGlobalSection
	GlobalSection(ExtensibilityGlobals) = postSolution
		SolutionGuid = {73FA655D-2344-4000-9395-D097A1941D4B}
	EndGlobalSection
EndGlobal
